
Microsoft Visual Studio Solution File, Format Version 12.00
# Visual Studio Version 16
VisualStudioVersion = 16.0.30225.117
MinimumVisualStudioVersion = 10.0.40219.1
Project("{FAE04EC0-301F-11D3-BF4B-00C04F79EFBC}") = "NeuroSkyMindWaveMobileConnector", "NeuroSkyMindWaveMobileConnector.csproj", "{920003C5-5292-4C13-A948-DE2D474C2186}"
EndProject
Global
	GlobalSection(SolutionConfigurationPlatforms) = preSolution
		Debug|Any CPU = Debug|Any CPU
		Release|Any CPU = Release|Any CPU
	EndGlobalSection
	GlobalSection(ProjectConfigurationPlatforms) = postSolution
		{920003C5-5292-4C13-A948-DE2D474C2186}.Debug|Any CPU.ActiveCfg = Debug|Any CPU
		{920003C5-5292-4C13-A948-DE2D474C2186}.Debug|Any CPU.Build.0 = Debug|Any CPU
		{920003C5-5292-4C13-A948-DE2D474C2186}.Release|Any CPU.ActiveCfg = Release|Any CPU
		{920003C5-5292-4C13-A948-DE2D474C2186}.Release|Any CPU.Build.0 = Release|Any CPU
	EndGlobalSection
	GlobalSection(SolutionProperties) = preSolution
		HideSolutionNode = FALSE
	EndGlobalSection
	GlobalSection(ExtensibilityGlobals) = postSolution
		SolutionGuid = {F7CC9FA8-7F10-4FD8-826A-AE201A7C2D78}
	EndGlobalSection
EndGlobal
